
Microsoft Visual Studio Solution File, Format Version 12.00
# Visual Studio Version 17
VisualStudioVersion = 17.4.33403.182
MinimumVisualStudioVersion = 10.0.40219.1
Project("{FAE04EC0-301F-11D3-BF4B-00C04F79EFBC}") = "TESTweather", "TESTweather\TESTweather.csproj", "{018296B7-B719-4535-9EF3-97FC05C59D98}"
EndProject
Global
	GlobalSection(SolutionConfigurationPlatforms) = preSolution
		Debug|Any CPU = Debug|Any CPU
		Release|Any CPU = Release|Any CPU
	EndGlobalSection
	GlobalSection(ProjectConfigurationPlatforms) = postSolution
		{018296B7-B719-4535-9EF3-97FC05C59D98}.Debug|Any CPU.ActiveCfg = Debug|Any CPU
		{018296B7-B719-4535-9EF3-97FC05C59D98}.Debug|Any CPU.Build.0 = Debug|Any CPU
		{018296B7-B719-4535-9EF3-97FC05C59D98}.Release|Any CPU.ActiveCfg = Release|Any CPU
		{018296B7-B719-4535-9EF3-97FC05C59D98}.Release|Any CPU.Build.0 = Release|Any CPU
	EndGlobalSection
	GlobalSection(SolutionProperties) = preSolution
		HideSolutionNode = FALSE
	EndGlobalSection
	GlobalSection(ExtensibilityGlobals) = postSolution
		SolutionGuid = {27E8933F-C694-4F31-BC05-364464792BE1}
	EndGlobalSection
EndGlobal
